
Microsoft Visual Studio Solution File, Format Version 12.00
# Visual Studio Version 17
VisualStudioVersion = 17.2.32526.322
MinimumVisualStudioVersion = 10.0.40219.1
Project("{FAE04EC0-301F-11D3-BF4B-00C04F79EFBC}") = "FarahWebApplication", "FarahWebApplication.csproj", "{9B0C4B6E-13B9-458A-8A4E-CC2F2D759602}"
EndProject
Global
	GlobalSection(SolutionConfigurationPlatforms) = preSolution
		Debug|Any CPU = Debug|Any CPU
		Release|Any CPU = Release|Any CPU
	EndGlobalSection
	GlobalSection(ProjectConfigurationPlatforms) = postSolution
		{9B0C4B6E-13B9-458A-8A4E-CC2F2D759602}.Debug|Any CPU.ActiveCfg = Debug|Any CPU
		{9B0C4B6E-13B9-458A-8A4E-CC2F2D759602}.Debug|Any CPU.Build.0 = Debug|Any CPU
		{9B0C4B6E-13B9-458A-8A4E-CC2F2D759602}.Release|Any CPU.ActiveCfg = Release|Any CPU
		{9B0C4B6E-13B9-458A-8A4E-CC2F2D759602}.Release|Any CPU.Build.0 = Release|Any CPU
	EndGlobalSection
	GlobalSection(SolutionProperties) = preSolution
		HideSolutionNode = FALSE
	EndGlobalSection
	GlobalSection(ExtensibilityGlobals) = postSolution
		SolutionGuid = {F2B81F1F-B959-4117-A3A0-8F3E1232FCC5}
	EndGlobalSection
EndGlobal
